<?xml version="1.0" encoding="utf-8"?>
<Project ToolsVersion="4.0" xmlns="http://schemas.microsoft.com/developer/msbuild/2003">
  <ItemGroup>
    <Filter Include="Source Files">
      <UniqueIdentifier>{4FC737F1-C7A5-4376-A066-2A32D752A2FF}</UniqueIdentifier>
      <Extensions>cpp;c;cc;cxx;c++;cppm;ixx;def;odl;idl;hpj;bat;asm;asmx</Extensions>
    </Filter>
    <Filter Include="Header Files">
      <UniqueIdentifier>{93995380-89BD-4b04-88EB-625FBE52EBFB}</UniqueIdentifier>
      <Extensions>h;hh;hpp;hxx;h++;hm;inl;inc;ipp;xsd</Extensions>
    </Filter>
    <Filter Include="Resource Files">
      <UniqueIdentifier>{67DA6AB6-F800-4c08-8B7A-83BB121AAD01}</UniqueIdentifier>
      <Extensions>rc;ico;cur;bmp;dlg;rc2;rct;bin;rgs;gif;jpg;jpeg;jpe;resx;tiff;tif;png;wav;mfcribbon-ms</Extensions>
    </Filter>
  </ItemGroup>
  <ItemGroup>
    <ClCompile Include="src\dllmain.cpp">
      <Filter>Source Files</Filter>
    </ClCompile>
    <ClCompile Include="src\memory\memory.cpp">
      <Filter>Source Files</Filter>
    </ClCompile>
    <ClCompile Include="src\trainer\features.cpp">
      <Filter>Source Files</Filter>
    </ClCompile>
    <ClCompile Include="src\memory\hooks.cpp">
      <Filter>Source Files</Filter>
    </ClCompile>
    <ClCompile Include="src\utils\Console.cpp">
      <Filter>Source Files</Filter>
    </ClCompile>
    <ClCompile Include="src\utils\error_msg.cpp">
      <Filter>Source Files</Filter>
    </ClCompile>
  </ItemGroup>
  <ItemGroup>
    <ClInclude Include="src\memory\pointers.h">
      <Filter>Header Files</Filter>
    </ClInclude>
    <ClInclude Include="src\memory\memory.h">
      <Filter>Header Files</Filter>
    </ClInclude>
    <ClInclude Include="src\generic\Vector.h">
      <Filter>Header Files</Filter>
    </ClInclude>
    <ClInclude Include="src\catalyst-sdk\Array.h">
      <Filter>Header Files</Filter>
    </ClInclude>
    <ClInclude Include="src\catalyst-sdk\Asset.h">
      <Filter>Header Files</Filter>
    </ClInclude>
    <ClInclude Include="src\catalyst-sdk\BaseSkeletonAsset.h">
      <Filter>Header Files</Filter>
    </ClInclude>
    <ClInclude Include="src\catalyst-sdk\BoundingBoxData.h">
      <Filter>Header Files</Filter>
    </ClInclude>
    <ClInclude Include="src\catalyst-sdk\CharacterEntityData.h">
      <Filter>Header Files</Filter>
    </ClInclude>
    <ClInclude Include="src\catalyst-sdk\CharacterPhysicsBody.h">
      <Filter>Header Files</Filter>
    </ClInclude>
    <ClInclude Include="src\catalyst-sdk\CharacterPhysicsBodyData.h">
      <Filter>Header Files</Filter>
    </ClInclude>
    <ClInclude Include="src\catalyst-sdk\CharacterPhysicsData.h">
      <Filter>Header Files</Filter>
    </ClInclude>
    <ClInclude Include="src\catalyst-sdk\CharacterPoseCollisionType.h">
      <Filter>Header Files</Filter>
    </ClInclude>
    <ClInclude Include="src\catalyst-sdk\CharacterPoseData.h">
      <Filter>Header Files</Filter>
    </ClInclude>
    <ClInclude Include="src\catalyst-sdk\CharacterPoseType.h">
      <Filter>Header Files</Filter>
    </ClInclude>
    <ClInclude Include="src\catalyst-sdk\CharacterSoundData.h">
      <Filter>Header Files</Filter>
    </ClInclude>
    <ClInclude Include="src\catalyst-sdk\CharacterSprintData.h">
      <Filter>Header Files</Filter>
    </ClInclude>
    <ClInclude Include="src\catalyst-sdk\CharacterStateData.h">
      <Filter>Header Files</Filter>
    </ClInclude>
    <ClInclude Include="src\catalyst-sdk\CharacterStatePoseInfo.h">
      <Filter>Header Files</Filter>
    </ClInclude>
    <ClInclude Include="src\catalyst-sdk\CharacterStateType.h">
      <Filter>Header Files</Filter>
    </ClInclude>
    <ClInclude Include="src\catalyst-sdk\ComponentEntityData.h">
      <Filter>Header Files</Filter>
    </ClInclude>
    <ClInclude Include="src\catalyst-sdk\ControllableEntityData.h">
      <Filter>Header Files</Filter>
    </ClInclude>
    <ClInclude Include="src\catalyst-sdk\DataBusPeer.h">
      <Filter>Header Files</Filter>
    </ClInclude>
    <ClInclude Include="src\catalyst-sdk\DataContainer.h">
      <Filter>Header Files</Filter>
    </ClInclude>
    <ClInclude Include="src\catalyst-sdk\Entity.h">
      <Filter>Header Files</Filter>
    </ClInclude>
    <ClInclude Include="src\catalyst-sdk\EntityBusPeer.h">
      <Filter>Header Files</Filter>
    </ClInclude>
    <ClInclude Include="src\catalyst-sdk\EntityData.h">
      <Filter>Header Files</Filter>
    </ClInclude>
    <ClInclude Include="src\catalyst-sdk\EntityVoiceOverInfo.h">
      <Filter>Header Files</Filter>
    </ClInclude>
    <ClInclude Include="src\catalyst-sdk\FaithDamageType.h">
      <Filter>Header Files</Filter>
    </ClInclude>
    <ClInclude Include="src\catalyst-sdk\FaithMove.h">
      <Filter>Header Files</Filter>
    </ClInclude>
    <ClInclude Include="src\catalyst-sdk\FloatPhysicsData.h">
      <Filter>Header Files</Filter>
    </ClInclude>
    <ClInclude Include="src\catalyst-sdk\GameComponentEntityData.h">
      <Filter>Header Files</Filter>
    </ClInclude>
    <ClInclude Include="src\catalyst-sdk\GameDataContainer.h">
      <Filter>Header Files</Filter>
    </ClInclude>
    <ClInclude Include="src\catalyst-sdk\GameObjectData.h">
      <Filter>Header Files</Filter>
    </ClInclude>
    <ClInclude Include="src\catalyst-sdk\GamePhysicsEntityData.h">
      <Filter>Header Files</Filter>
    </ClInclude>
    <ClInclude Include="src\catalyst-sdk\Guid.h">
      <Filter>Header Files</Filter>
    </ClInclude>
    <ClInclude Include="src\catalyst-sdk\HavokAsset.h">
      <Filter>Header Files</Filter>
    </ClInclude>
    <ClInclude Include="src\catalyst-sdk\LinearTransform.h">
      <Filter>Header Files</Filter>
    </ClInclude>
    <ClInclude Include="src\catalyst-sdk\LocalPlayerId.h">
      <Filter>Header Files</Filter>
    </ClInclude>
    <ClInclude Include="src\catalyst-sdk\LocalPlayerViewId.h">
      <Filter>Header Files</Filter>
    </ClInclude>
    <ClInclude Include="src\catalyst-sdk\LookConstraintsData.h">
      <Filter>Header Files</Filter>
    </ClInclude>
    <ClInclude Include="src\catalyst-sdk\MaterialDecl.h">
      <Filter>Header Files</Filter>
    </ClInclude>
    <ClInclude Include="src\catalyst-sdk\PamCharacterEntityData.h">
      <Filter>Header Files</Filter>
    </ClInclude>
    <ClInclude Include="src\catalyst-sdk\PersonViewMode.h">
      <Filter>Header Files</Filter>
    </ClInclude>
    <ClInclude Include="src\catalyst-sdk\PhysicsBody.h">
      <Filter>Header Files</Filter>
    </ClInclude>
    <ClInclude Include="src\catalyst-sdk\PhysicsBodyData.h">
      <Filter>Header Files</Filter>
    </ClInclude>
    <ClInclude Include="src\catalyst-sdk\PhysicsConstraintData.h">
      <Filter>Header Files</Filter>
    </ClInclude>
    <ClInclude Include="src\catalyst-sdk\PhysicsConstraintInitialStanceData.h">
      <Filter>Header Files</Filter>
    </ClInclude>
    <ClInclude Include="src\catalyst-sdk\PhysicsEntityData.h">
      <Filter>Header Files</Filter>
    </ClInclude>
    <ClInclude Include="src\catalyst-sdk\PlayerSpawnType.h">
      <Filter>Header Files</Filter>
    </ClInclude>
    <ClInclude Include="src\catalyst-sdk\PlayerViewData.h">
      <Filter>Header Files</Filter>
    </ClInclude>
    <ClInclude Include="src\catalyst-sdk\PlayerViewDefinition.h">
      <Filter>Header Files</Filter>
    </ClInclude>
    <ClInclude Include="src\catalyst-sdk\PoseTransitionTime.h">
      <Filter>Header Files</Filter>
    </ClInclude>
    <ClInclude Include="src\catalyst-sdk\ProximityData.h">
      <Filter>Header Files</Filter>
    </ClInclude>
    <ClInclude Include="src\catalyst-sdk\ProximityObjectType.h">
      <Filter>Header Files</Filter>
    </ClInclude>
    <ClInclude Include="src\catalyst-sdk\QualityScalableFloat.h">
      <Filter>Header Files</Filter>
    </ClInclude>
    <ClInclude Include="src\catalyst-sdk\Realm.h">
      <Filter>Header Files</Filter>
    </ClInclude>
    <ClInclude Include="src\catalyst-sdk\ResourceRef.h">
      <Filter>Header Files</Filter>
    </ClInclude>
    <ClInclude Include="src\catalyst-sdk\RigidBodyCollisionLayer.h">
      <Filter>Header Files</Filter>
    </ClInclude>
    <ClInclude Include="src\catalyst-sdk\RigidBodyData.h">
      <Filter>Header Files</Filter>
    </ClInclude>
    <ClInclude Include="src\catalyst-sdk\RigidBodyMotionType.h">
      <Filter>Header Files</Filter>
    </ClInclude>
    <ClInclude Include="src\catalyst-sdk\RigidBodyQualityType.h">
      <Filter>Header Files</Filter>
    </ClInclude>
    <ClInclude Include="src\catalyst-sdk\RigidBodyType.h">
      <Filter>Header Files</Filter>
    </ClInclude>
    <ClInclude Include="src\catalyst-sdk\SkeletonAsset.h">
      <Filter>Header Files</Filter>
    </ClInclude>
    <ClInclude Include="src\catalyst-sdk\SoundAsset.h">
      <Filter>Header Files</Filter>
    </ClInclude>
    <ClInclude Include="src\catalyst-sdk\SoundDataAsset.h">
      <Filter>Header Files</Filter>
    </ClInclude>
    <ClInclude Include="src\catalyst-sdk\SoundDataChunk.h">
      <Filter>Header Files</Filter>
    </ClInclude>
    <ClInclude Include="src\catalyst-sdk\SoundDataPolicy.h">
      <Filter>Header Files</Filter>
    </ClInclude>
    <ClInclude Include="src\catalyst-sdk\SoundDataReadTarget.h">
      <Filter>Header Files</Filter>
    </ClInclude>
    <ClInclude Include="src\catalyst-sdk\SoundDataReference.h">
      <Filter>Header Files</Filter>
    </ClInclude>
    <ClInclude Include="src\catalyst-sdk\SoundDataReleaseBehavior.h">
      <Filter>Header Files</Filter>
    </ClInclude>
    <ClInclude Include="src\catalyst-sdk\SoundDataRequestBehavior.h">
      <Filter>Header Files</Filter>
    </ClInclude>
    <ClInclude Include="src\catalyst-sdk\SoundScopeData.h">
      <Filter>Header Files</Filter>
    </ClInclude>
    <ClInclude Include="src\catalyst-sdk\SoundScopeStageData.h">
      <Filter>Header Files</Filter>
    </ClInclude>
    <ClInclude Include="src\catalyst-sdk\SoundScopeStrategyData.h">
      <Filter>Header Files</Filter>
    </ClInclude>
    <ClInclude Include="src\catalyst-sdk\SpatialEntityData.h">
      <Filter>Header Files</Filter>
    </ClInclude>
    <ClInclude Include="src\catalyst-sdk\SpeedModifierData.h">
      <Filter>Header Files</Filter>
    </ClInclude>
    <ClInclude Include="src\catalyst-sdk\SubViewData.h">
      <Filter>Header Files</Filter>
    </ClInclude>
    <ClInclude Include="src\catalyst-sdk\TeamId.h">
      <Filter>Header Files</Filter>
    </ClInclude>
    <ClInclude Include="src\catalyst-sdk\Vec2.h">
      <Filter>Header Files</Filter>
    </ClInclude>
    <ClInclude Include="src\catalyst-sdk\Vec3.h">
      <Filter>Header Files</Filter>
    </ClInclude>
    <ClInclude Include="src\catalyst-sdk\ViewDefinition.h">
      <Filter>Header Files</Filter>
    </ClInclude>
    <ClInclude Include="src\catalyst-sdk\ViewDefinitionType.h">
      <Filter>Header Files</Filter>
    </ClInclude>
    <ClInclude Include="src\catalyst-sdk\VoiceOverLabel.h">
      <Filter>Header Files</Filter>
    </ClInclude>
    <ClInclude Include="src\catalyst-sdk\VoiceOverNamedValue.h">
      <Filter>Header Files</Filter>
    </ClInclude>
    <ClInclude Include="src\catalyst-sdk\VoiceOverObject.h">
      <Filter>Header Files</Filter>
    </ClInclude>
    <ClInclude Include="src\catalyst-sdk\VoiceOverValue.h">
      <Filter>Header Files</Filter>
    </ClInclude>
    <ClInclude Include="src\catalyst-sdk\VoiceOverValueType.h">
      <Filter>Header Files</Filter>
    </ClInclude>
    <ClInclude Include="src\generic\Pointer.h">
      <Filter>Header Files</Filter>
    </ClInclude>
    <ClInclude Include="src\enums\GameAction.h">
      <Filter>Header Files</Filter>
    </ClInclude>
    <ClInclude Include="src\enums\MovementState.h">
      <Filter>Header Files</Filter>
    </ClInclude>
    <ClInclude Include="src\trainer\features.h">
      <Filter>Header Files</Filter>
    </ClInclude>
    <ClInclude Include="src\trainer\vars.h">
      <Filter>Header Files</Filter>
    </ClInclude>
    <ClInclude Include="minhook\MinHook.h">
      <Filter>Header Files</Filter>
    </ClInclude>
    <ClInclude Include="src\memory\hooks.h">
      <Filter>Header Files</Filter>
    </ClInclude>
    <ClInclude Include="src\utils\Console.h">
      <Filter>Header Files</Filter>
    </ClInclude>
    <ClInclude Include="src\utils\error_msg.h">
      <Filter>Header Files</Filter>
    </ClInclude>
  </ItemGroup>
</Project>